
Microsoft Visual Studio Solution File, Format Version 12.00
# Visual Studio Version 17
VisualStudioVersion = 17.13.35818.85 d17.13
MinimumVisualStudioVersion = 10.0.40219.1
Project("{FAE04EC0-301F-11D3-BF4B-00C04F79EFBC}") = "Grades", "Grades\Grades.csproj", "{5235214D-C9D2-480F-A111-7199288E7277}"
EndProject
Global
	GlobalSection(SolutionConfigurationPlatforms) = preSolution
		Debug|Any CPU = Debug|Any CPU
		Release|Any CPU = Release|Any CPU
	EndGlobalSection
	GlobalSection(ProjectConfigurationPlatforms) = postSolution
		{5235214D-C9D2-480F-A111-7199288E7277}.Debug|Any CPU.ActiveCfg = Debug|Any CPU
		{5235214D-C9D2-480F-A111-7199288E7277}.Debug|Any CPU.Build.0 = Debug|Any CPU
		{5235214D-C9D2-480F-A111-7199288E7277}.Release|Any CPU.ActiveCfg = Release|Any CPU
		{5235214D-C9D2-480F-A111-7199288E7277}.Release|Any CPU.Build.0 = Release|Any CPU
	EndGlobalSection
	GlobalSection(SolutionProperties) = preSolution
		HideSolutionNode = FALSE
	EndGlobalSection
	GlobalSection(ExtensibilityGlobals) = postSolution
		SolutionGuid = {234656C4-6F5B-4A00-930A-38B4C15357E4}
	EndGlobalSection
EndGlobal
